
Microsoft Visual Studio Solution File, Format Version 12.00
# Visual Studio 2010
Project("{FAE04EC0-301F-11D3-BF4B-00C04F79EFBC}") = "PinHolder.UI.WP7", "PinHolder\PinHolder.UI.WP7.csproj", "{52434A17-6E11-4E7F-AD0D-44C9FA260F05}"
EndProject
Project("{FAE04EC0-301F-11D3-BF4B-00C04F79EFBC}") = "PinHolder.Tests", "PinHolder.Tests\PinHolder.Tests.csproj", "{08C16EAC-0F8D-4F97-B3BC-A54679E6DAE9}"
EndProject
Project("{FAE04EC0-301F-11D3-BF4B-00C04F79EFBC}") = "Pinholder.Commons", "Pinholder.Commons\Pinholder.Commons.csproj", "{E6293B7C-5B0F-4904-AB6B-975FA0EC803B}"
EndProject
Project("{FAE04EC0-301F-11D3-BF4B-00C04F79EFBC}") = "Pinholder.ViewModel", "Pinholder.ViewModels\Pinholder.ViewModel.csproj", "{4275F564-A4AE-4ED2-BB3A-0F1AD1FC87A1}"
EndProject
Global
	GlobalSection(SolutionConfigurationPlatforms) = preSolution
		Debug|Any CPU = Debug|Any CPU
		Release|Any CPU = Release|Any CPU
	EndGlobalSection
	GlobalSection(ProjectConfigurationPlatforms) = postSolution
		{52434A17-6E11-4E7F-AD0D-44C9FA260F05}.Debug|Any CPU.ActiveCfg = Debug|Any CPU
		{52434A17-6E11-4E7F-AD0D-44C9FA260F05}.Debug|Any CPU.Build.0 = Debug|Any CPU
		{52434A17-6E11-4E7F-AD0D-44C9FA260F05}.Debug|Any CPU.Deploy.0 = Debug|Any CPU
		{52434A17-6E11-4E7F-AD0D-44C9FA260F05}.Release|Any CPU.ActiveCfg = Release|Any CPU
		{52434A17-6E11-4E7F-AD0D-44C9FA260F05}.Release|Any CPU.Build.0 = Release|Any CPU
		{52434A17-6E11-4E7F-AD0D-44C9FA260F05}.Release|Any CPU.Deploy.0 = Release|Any CPU
		{08C16EAC-0F8D-4F97-B3BC-A54679E6DAE9}.Debug|Any CPU.ActiveCfg = Debug|Any CPU
		{08C16EAC-0F8D-4F97-B3BC-A54679E6DAE9}.Debug|Any CPU.Build.0 = Debug|Any CPU
		{08C16EAC-0F8D-4F97-B3BC-A54679E6DAE9}.Release|Any CPU.ActiveCfg = Release|Any CPU
		{08C16EAC-0F8D-4F97-B3BC-A54679E6DAE9}.Release|Any CPU.Build.0 = Release|Any CPU
		{E6293B7C-5B0F-4904-AB6B-975FA0EC803B}.Debug|Any CPU.ActiveCfg = Debug|Any CPU
		{E6293B7C-5B0F-4904-AB6B-975FA0EC803B}.Debug|Any CPU.Build.0 = Debug|Any CPU
		{E6293B7C-5B0F-4904-AB6B-975FA0EC803B}.Release|Any CPU.ActiveCfg = Release|Any CPU
		{E6293B7C-5B0F-4904-AB6B-975FA0EC803B}.Release|Any CPU.Build.0 = Release|Any CPU
		{4275F564-A4AE-4ED2-BB3A-0F1AD1FC87A1}.Debug|Any CPU.ActiveCfg = Debug|Any CPU
		{4275F564-A4AE-4ED2-BB3A-0F1AD1FC87A1}.Debug|Any CPU.Build.0 = Debug|Any CPU
		{4275F564-A4AE-4ED2-BB3A-0F1AD1FC87A1}.Release|Any CPU.ActiveCfg = Release|Any CPU
		{4275F564-A4AE-4ED2-BB3A-0F1AD1FC87A1}.Release|Any CPU.Build.0 = Release|Any CPU
	EndGlobalSection
	GlobalSection(SolutionProperties) = preSolution
		HideSolutionNode = FALSE
	EndGlobalSection
EndGlobal
